
Microsoft Visual Studio Solution File, Format Version 12.00
# Visual Studio Version 16
VisualStudioVersion = 16.0.31025.194
MinimumVisualStudioVersion = 10.0.40219.1
Project("{9A19103F-16F7-4668-BE54-9A1E7A4F7556}") = "CustomerAPI", "CustomerAPI\CustomerAPI.csproj", "{B1A28756-1123-4577-AD2D-D2BBEFE247F9}"
EndProject
Project("{2150E333-8FDC-42A3-9474-1A3956D46DE8}") = "CustomerService", "CustomerService", "{68B5E484-EACA-4727-94FB-8D51D7E99F1A}"
EndProject
Project("{9A19103F-16F7-4668-BE54-9A1E7A4F7556}") = "CustomerEntities", "Customer.Entities\CustomerEntities.csproj", "{EB1E7188-30E8-4EB8-804A-93A5109649FC}"
EndProject
Project("{2150E333-8FDC-42A3-9474-1A3956D46DE8}") = "RestaurantService", "RestaurantService", "{716B8B7F-1285-4052-87B3-EE4041985491}"
EndProject
Project("{9A19103F-16F7-4668-BE54-9A1E7A4F7556}") = "RestaurantAPI", "RestaurantAPI\RestaurantAPI.csproj", "{11FB9780-7102-4ED7-AFC5-FCC2E4FB6D1C}"
EndProject
Project("{9A19103F-16F7-4668-BE54-9A1E7A4F7556}") = "RestaurantEntities", "RestaurantEntities\RestaurantEntities.csproj", "{568C5BED-5862-412B-AE80-85A52F7D34F9}"
EndProject
Project("{2150E333-8FDC-42A3-9474-1A3956D46DE8}") = "DriverService", "DriverService", "{059B7183-CA0C-42AC-8D96-654CA8E5C071}"
EndProject
Project("{9A19103F-16F7-4668-BE54-9A1E7A4F7556}") = "DriverAPI", "DriverAPI\DriverAPI.csproj", "{2684CBE4-556A-4F7D-8FEC-437DE526F30C}"
EndProject
Project("{9A19103F-16F7-4668-BE54-9A1E7A4F7556}") = "DriverEntities", "DriverEntities\DriverEntities.csproj", "{812CFC17-848D-460C-A447-C8F3AEC3663D}"
EndProject
Project("{2150E333-8FDC-42A3-9474-1A3956D46DE8}") = "OrderService", "OrderService", "{6F19C9DD-E164-4556-906E-C5934C784910}"
EndProject
Project("{9A19103F-16F7-4668-BE54-9A1E7A4F7556}") = "OrderAPI", "OrderAPI\OrderAPI.csproj", "{4AFC301E-B604-461D-A85D-14D34E4FFBB6}"
EndProject
Project("{9A19103F-16F7-4668-BE54-9A1E7A4F7556}") = "OrderEntities", "OrderEntities\OrderEntities.csproj", "{24760CC7-4C61-4731-9522-0389BF35EB27}"
EndProject
Project("{2150E333-8FDC-42A3-9474-1A3956D46DE8}") = "APIGateway", "APIGateway", "{EA614EAB-FDB4-4847-B32C-9E2728A528C5}"
EndProject
Project("{9A19103F-16F7-4668-BE54-9A1E7A4F7556}") = "FoodOrderAppAPIGAteway", "FoodOrderAppAPIGAteway\FoodOrderAppAPIGAteway.csproj", "{0592A440-9027-4A3E-BC1B-629E45D5B713}"
EndProject
Project("{2150E333-8FDC-42A3-9474-1A3956D46DE8}") = "LoginService", "LoginService", "{3A3B390D-0F6D-4804-B92D-B19430242261}"
EndProject
Project("{9A19103F-16F7-4668-BE54-9A1E7A4F7556}") = "LoginAPI", "LoginAPI\LoginAPI.csproj", "{BC0110CB-192B-4296-A563-61299932E8D3}"
EndProject
Project("{FAE04EC0-301F-11D3-BF4B-00C04F79EFBC}") = "UserEntities", "UserEntities\UserEntities.csproj", "{C14A6047-AEF2-40AF-B9BE-F3955EE5C326}"
EndProject
Global
	GlobalSection(SolutionConfigurationPlatforms) = preSolution
		Debug|Any CPU = Debug|Any CPU
		Release|Any CPU = Release|Any CPU
	EndGlobalSection
	GlobalSection(ProjectConfigurationPlatforms) = postSolution
		{B1A28756-1123-4577-AD2D-D2BBEFE247F9}.Debug|Any CPU.ActiveCfg = Debug|Any CPU
		{B1A28756-1123-4577-AD2D-D2BBEFE247F9}.Debug|Any CPU.Build.0 = Debug|Any CPU
		{B1A28756-1123-4577-AD2D-D2BBEFE247F9}.Release|Any CPU.ActiveCfg = Release|Any CPU
		{B1A28756-1123-4577-AD2D-D2BBEFE247F9}.Release|Any CPU.Build.0 = Release|Any CPU
		{EB1E7188-30E8-4EB8-804A-93A5109649FC}.Debug|Any CPU.ActiveCfg = Debug|Any CPU
		{EB1E7188-30E8-4EB8-804A-93A5109649FC}.Debug|Any CPU.Build.0 = Debug|Any CPU
		{EB1E7188-30E8-4EB8-804A-93A5109649FC}.Release|Any CPU.ActiveCfg = Release|Any CPU
		{EB1E7188-30E8-4EB8-804A-93A5109649FC}.Release|Any CPU.Build.0 = Release|Any CPU
		{11FB9780-7102-4ED7-AFC5-FCC2E4FB6D1C}.Debug|Any CPU.ActiveCfg = Debug|Any CPU
		{11FB9780-7102-4ED7-AFC5-FCC2E4FB6D1C}.Debug|Any CPU.Build.0 = Debug|Any CPU
		{11FB9780-7102-4ED7-AFC5-FCC2E4FB6D1C}.Release|Any CPU.ActiveCfg = Release|Any CPU
		{11FB9780-7102-4ED7-AFC5-FCC2E4FB6D1C}.Release|Any CPU.Build.0 = Release|Any CPU
		{568C5BED-5862-412B-AE80-85A52F7D34F9}.Debug|Any CPU.ActiveCfg = Debug|Any CPU
		{568C5BED-5862-412B-AE80-85A52F7D34F9}.Debug|Any CPU.Build.0 = Debug|Any CPU
		{568C5BED-5862-412B-AE80-85A52F7D34F9}.Release|Any CPU.ActiveCfg = Release|Any CPU
		{568C5BED-5862-412B-AE80-85A52F7D34F9}.Release|Any CPU.Build.0 = Release|Any CPU
		{2684CBE4-556A-4F7D-8FEC-437DE526F30C}.Debug|Any CPU.ActiveCfg = Debug|Any CPU
		{2684CBE4-556A-4F7D-8FEC-437DE526F30C}.Debug|Any CPU.Build.0 = Debug|Any CPU
		{2684CBE4-556A-4F7D-8FEC-437DE526F30C}.Release|Any CPU.ActiveCfg = Release|Any CPU
		{2684CBE4-556A-4F7D-8FEC-437DE526F30C}.Release|Any CPU.Build.0 = Release|Any CPU
		{812CFC17-848D-460C-A447-C8F3AEC3663D}.Debug|Any CPU.ActiveCfg = Debug|Any CPU
		{812CFC17-848D-460C-A447-C8F3AEC3663D}.Debug|Any CPU.Build.0 = Debug|Any CPU
		{812CFC17-848D-460C-A447-C8F3AEC3663D}.Release|Any CPU.ActiveCfg = Release|Any CPU
		{812CFC17-848D-460C-A447-C8F3AEC3663D}.Release|Any CPU.Build.0 = Release|Any CPU
		{4AFC301E-B604-461D-A85D-14D34E4FFBB6}.Debug|Any CPU.ActiveCfg = Debug|Any CPU
		{4AFC301E-B604-461D-A85D-14D34E4FFBB6}.Debug|Any CPU.Build.0 = Debug|Any CPU
		{4AFC301E-B604-461D-A85D-14D34E4FFBB6}.Release|Any CPU.ActiveCfg = Release|Any CPU
		{4AFC301E-B604-461D-A85D-14D34E4FFBB6}.Release|Any CPU.Build.0 = Release|Any CPU
		{24760CC7-4C61-4731-9522-0389BF35EB27}.Debug|Any CPU.ActiveCfg = Debug|Any CPU
		{24760CC7-4C61-4731-9522-0389BF35EB27}.Debug|Any CPU.Build.0 = Debug|Any CPU
		{24760CC7-4C61-4731-9522-0389BF35EB27}.Release|Any CPU.ActiveCfg = Release|Any CPU
		{24760CC7-4C61-4731-9522-0389BF35EB27}.Release|Any CPU.Build.0 = Release|Any CPU
		{0592A440-9027-4A3E-BC1B-629E45D5B713}.Debug|Any CPU.ActiveCfg = Debug|Any CPU
		{0592A440-9027-4A3E-BC1B-629E45D5B713}.Debug|Any CPU.Build.0 = Debug|Any CPU
		{0592A440-9027-4A3E-BC1B-629E45D5B713}.Release|Any CPU.ActiveCfg = Release|Any CPU
		{0592A440-9027-4A3E-BC1B-629E45D5B713}.Release|Any CPU.Build.0 = Release|Any CPU
		{BC0110CB-192B-4296-A563-61299932E8D3}.Debug|Any CPU.ActiveCfg = Debug|Any CPU
		{BC0110CB-192B-4296-A563-61299932E8D3}.Debug|Any CPU.Build.0 = Debug|Any CPU
		{BC0110CB-192B-4296-A563-61299932E8D3}.Release|Any CPU.ActiveCfg = Release|Any CPU
		{BC0110CB-192B-4296-A563-61299932E8D3}.Release|Any CPU.Build.0 = Release|Any CPU
		{C14A6047-AEF2-40AF-B9BE-F3955EE5C326}.Debug|Any CPU.ActiveCfg = Debug|Any CPU
		{C14A6047-AEF2-40AF-B9BE-F3955EE5C326}.Debug|Any CPU.Build.0 = Debug|Any CPU
		{C14A6047-AEF2-40AF-B9BE-F3955EE5C326}.Release|Any CPU.ActiveCfg = Release|Any CPU
		{C14A6047-AEF2-40AF-B9BE-F3955EE5C326}.Release|Any CPU.Build.0 = Release|Any CPU
	EndGlobalSection
	GlobalSection(SolutionProperties) = preSolution
		HideSolutionNode = FALSE
	EndGlobalSection
	GlobalSection(NestedProjects) = preSolution
		{B1A28756-1123-4577-AD2D-D2BBEFE247F9} = {68B5E484-EACA-4727-94FB-8D51D7E99F1A}
		{EB1E7188-30E8-4EB8-804A-93A5109649FC} = {68B5E484-EACA-4727-94FB-8D51D7E99F1A}
		{11FB9780-7102-4ED7-AFC5-FCC2E4FB6D1C} = {716B8B7F-1285-4052-87B3-EE4041985491}
		{568C5BED-5862-412B-AE80-85A52F7D34F9} = {716B8B7F-1285-4052-87B3-EE4041985491}
		{2684CBE4-556A-4F7D-8FEC-437DE526F30C} = {059B7183-CA0C-42AC-8D96-654CA8E5C071}
		{812CFC17-848D-460C-A447-C8F3AEC3663D} = {059B7183-CA0C-42AC-8D96-654CA8E5C071}
		{4AFC301E-B604-461D-A85D-14D34E4FFBB6} = {6F19C9DD-E164-4556-906E-C5934C784910}
		{24760CC7-4C61-4731-9522-0389BF35EB27} = {6F19C9DD-E164-4556-906E-C5934C784910}
		{0592A440-9027-4A3E-BC1B-629E45D5B713} = {EA614EAB-FDB4-4847-B32C-9E2728A528C5}
		{BC0110CB-192B-4296-A563-61299932E8D3} = {3A3B390D-0F6D-4804-B92D-B19430242261}
		{C14A6047-AEF2-40AF-B9BE-F3955EE5C326} = {3A3B390D-0F6D-4804-B92D-B19430242261}
	EndGlobalSection
	GlobalSection(ExtensibilityGlobals) = postSolution
		SolutionGuid = {E05FA5CB-3ADE-4A4A-B501-385373A9C27F}
	EndGlobalSection
EndGlobal
